
Microsoft Visual Studio Solution File, Format Version 12.00
# Visual Studio Version 17
VisualStudioVersion = 17.3.32929.385
MinimumVisualStudioVersion = 10.0.40219.1
Project("{FAE04EC0-301F-11D3-BF4B-00C04F79EFBC}") = "FINAL_FANTASY_2_SEQUENCER", "FINAL_FANTASY_2_SEQUENCER.csproj", "{AD2429EC-BF6C-4795-BE4B-175BCD1AC5CE}"
EndProject
Global
	GlobalSection(SolutionConfigurationPlatforms) = preSolution
		Debug|Any CPU = Debug|Any CPU
		Release|Any CPU = Release|Any CPU
	EndGlobalSection
	GlobalSection(ProjectConfigurationPlatforms) = postSolution
		{AD2429EC-BF6C-4795-BE4B-175BCD1AC5CE}.Debug|Any CPU.ActiveCfg = Debug|Any CPU
		{AD2429EC-BF6C-4795-BE4B-175BCD1AC5CE}.Debug|Any CPU.Build.0 = Debug|Any CPU
		{AD2429EC-BF6C-4795-BE4B-175BCD1AC5CE}.Release|Any CPU.ActiveCfg = Release|Any CPU
		{AD2429EC-BF6C-4795-BE4B-175BCD1AC5CE}.Release|Any CPU.Build.0 = Release|Any CPU
	EndGlobalSection
	GlobalSection(SolutionProperties) = preSolution
		HideSolutionNode = FALSE
	EndGlobalSection
	GlobalSection(ExtensibilityGlobals) = postSolution
		SolutionGuid = {F8D485F9-F7A5-45D6-988B-0CB2A77F8DDC}
	EndGlobalSection
EndGlobal
